
Microsoft Visual Studio Solution File, Format Version 10.00
# Visual Studio 2008
Project("{8BC9CEB8-8B4A-11D0-8D11-00A0C91BC942}") = "SimpleLibWin", "SimpleLibWin\SimpleLibWin9.vcproj", "{55DEE12F-4753-40B8-93E6-90FD983A8D99}"
	ProjectSection(ProjectDependencies) = postProject
		{3F1D8D06-FEA7-4793-BCF5-493B5BBF97ED} = {3F1D8D06-FEA7-4793-BCF5-493B5BBF97ED}
		{E5C70BDC-F99D-41C0-9C18-012AFCE64B9E} = {E5C70BDC-F99D-41C0-9C18-012AFCE64B9E}
	EndProjectSection
EndProject
Project("{8BC9CEB8-8B4A-11D0-8D11-00A0C91BC942}") = "SimpleLibAtlCom", "SimpleLibAtlCom\SimpleLibAtlCom9.vcproj", "{ACB7B334-734D-48F0-B774-68C5DE0030F5}"
	ProjectSection(ProjectDependencies) = postProject
		{3F1D8D06-FEA7-4793-BCF5-493B5BBF97ED} = {3F1D8D06-FEA7-4793-BCF5-493B5BBF97ED}
		{55DEE12F-4753-40B8-93E6-90FD983A8D99} = {55DEE12F-4753-40B8-93E6-90FD983A8D99}
		{C1F491CF-2B42-4E72-A030-19A2B5D5148F} = {C1F491CF-2B42-4E72-A030-19A2B5D5148F}
		{E5C70BDC-F99D-41C0-9C18-012AFCE64B9E} = {E5C70BDC-F99D-41C0-9C18-012AFCE64B9E}
	EndProjectSection
EndProject
Project("{8BC9CEB8-8B4A-11D0-8D11-00A0C91BC942}") = "SimpleLibAtlWin", "SimpleLibAtlWin\SimpleLibAtlWin9.vcproj", "{C1F491CF-2B42-4E72-A030-19A2B5D5148F}"
	ProjectSection(ProjectDependencies) = postProject
		{3F1D8D06-FEA7-4793-BCF5-493B5BBF97ED} = {3F1D8D06-FEA7-4793-BCF5-493B5BBF97ED}
		{55DEE12F-4753-40B8-93E6-90FD983A8D99} = {55DEE12F-4753-40B8-93E6-90FD983A8D99}
		{E5C70BDC-F99D-41C0-9C18-012AFCE64B9E} = {E5C70BDC-F99D-41C0-9C18-012AFCE64B9E}
	EndProjectSection
EndProject
Project("{8BC9CEB8-8B4A-11D0-8D11-00A0C91BC942}") = "SimpleLib", "SimpleLib\SimpleLib9.vcproj", "{3F1D8D06-FEA7-4793-BCF5-493B5BBF97ED}"
EndProject
Project("{8BC9CEB8-8B4A-11D0-8D11-00A0C91BC942}") = "SimpleLibUtils", "SimpleLibUtils\SimpleLibUtils9.vcproj", "{E5C70BDC-F99D-41C0-9C18-012AFCE64B9E}"
	ProjectSection(ProjectDependencies) = postProject
		{3F1D8D06-FEA7-4793-BCF5-493B5BBF97ED} = {3F1D8D06-FEA7-4793-BCF5-493B5BBF97ED}
	EndProjectSection
EndProject
Project("{8BC9CEB8-8B4A-11D0-8D11-00A0C91BC942}") = "TestCases", "TestCases\TestCases.vcproj", "{90179F86-A15B-4070-B4AF-95AEFD58E573}"
EndProject
Project("{8BC9CEB8-8B4A-11D0-8D11-00A0C91BC942}") = "Sinic", "Sinic\Sinic.vcproj", "{060BF300-EEC4-4177-80F2-C9698546080C}"
	ProjectSection(ProjectDependencies) = postProject
		{C1F491CF-2B42-4E72-A030-19A2B5D5148F} = {C1F491CF-2B42-4E72-A030-19A2B5D5148F}
	EndProjectSection
EndProject
Project("{8BC9CEB8-8B4A-11D0-8D11-00A0C91BC942}") = "SimpleResourceCompiler", "SimpleResourceCompiler\SimpleResourceCompiler.vcproj", "{F32EA19E-865A-4062-9261-0E9B5C1325C5}"
	ProjectSection(ProjectDependencies) = postProject
		{3F1D8D06-FEA7-4793-BCF5-493B5BBF97ED} = {3F1D8D06-FEA7-4793-BCF5-493B5BBF97ED}
		{E5C70BDC-F99D-41C0-9C18-012AFCE64B9E} = {E5C70BDC-F99D-41C0-9C18-012AFCE64B9E}
	EndProjectSection
EndProject
Global
	GlobalSection(SolutionConfigurationPlatforms) = preSolution
		DD|Win32 = DD|Win32
		DD|x64 = DD|x64
		DS|Win32 = DS|Win32
		DS|x64 = DS|x64
		RD|Win32 = RD|Win32
		RD|x64 = RD|x64
		RS|Win32 = RS|Win32
		RS|x64 = RS|x64
	EndGlobalSection
	GlobalSection(ProjectConfigurationPlatforms) = postSolution
		{55DEE12F-4753-40B8-93E6-90FD983A8D99}.DD|Win32.ActiveCfg = DD|Win32
		{55DEE12F-4753-40B8-93E6-90FD983A8D99}.DD|Win32.Build.0 = DD|Win32
		{55DEE12F-4753-40B8-93E6-90FD983A8D99}.DD|x64.ActiveCfg = DD|x64
		{55DEE12F-4753-40B8-93E6-90FD983A8D99}.DD|x64.Build.0 = DD|x64
		{55DEE12F-4753-40B8-93E6-90FD983A8D99}.DS|Win32.ActiveCfg = DS|Win32
		{55DEE12F-4753-40B8-93E6-90FD983A8D99}.DS|Win32.Build.0 = DS|Win32
		{55DEE12F-4753-40B8-93E6-90FD983A8D99}.DS|x64.ActiveCfg = DS|x64
		{55DEE12F-4753-40B8-93E6-90FD983A8D99}.DS|x64.Build.0 = DS|x64
		{55DEE12F-4753-40B8-93E6-90FD983A8D99}.RD|Win32.ActiveCfg = RD|Win32
		{55DEE12F-4753-40B8-93E6-90FD983A8D99}.RD|Win32.Build.0 = RD|Win32
		{55DEE12F-4753-40B8-93E6-90FD983A8D99}.RD|x64.ActiveCfg = RD|x64
		{55DEE12F-4753-40B8-93E6-90FD983A8D99}.RD|x64.Build.0 = RD|x64
		{55DEE12F-4753-40B8-93E6-90FD983A8D99}.RS|Win32.ActiveCfg = RS|Win32
		{55DEE12F-4753-40B8-93E6-90FD983A8D99}.RS|Win32.Build.0 = RS|Win32
		{55DEE12F-4753-40B8-93E6-90FD983A8D99}.RS|x64.ActiveCfg = RS|x64
		{55DEE12F-4753-40B8-93E6-90FD983A8D99}.RS|x64.Build.0 = RS|x64
		{ACB7B334-734D-48F0-B774-68C5DE0030F5}.DD|Win32.ActiveCfg = DD|Win32
		{ACB7B334-734D-48F0-B774-68C5DE0030F5}.DD|Win32.Build.0 = DD|Win32
		{ACB7B334-734D-48F0-B774-68C5DE0030F5}.DD|x64.ActiveCfg = DD|x64
		{ACB7B334-734D-48F0-B774-68C5DE0030F5}.DD|x64.Build.0 = DD|x64
		{ACB7B334-734D-48F0-B774-68C5DE0030F5}.DS|Win32.ActiveCfg = DS|Win32
		{ACB7B334-734D-48F0-B774-68C5DE0030F5}.DS|Win32.Build.0 = DS|Win32
		{ACB7B334-734D-48F0-B774-68C5DE0030F5}.DS|x64.ActiveCfg = DS|x64
		{ACB7B334-734D-48F0-B774-68C5DE0030F5}.DS|x64.Build.0 = DS|x64
		{ACB7B334-734D-48F0-B774-68C5DE0030F5}.RD|Win32.ActiveCfg = RD|Win32
		{ACB7B334-734D-48F0-B774-68C5DE0030F5}.RD|Win32.Build.0 = RD|Win32
		{ACB7B334-734D-48F0-B774-68C5DE0030F5}.RD|x64.ActiveCfg = RD|x64
		{ACB7B334-734D-48F0-B774-68C5DE0030F5}.RD|x64.Build.0 = RD|x64
		{ACB7B334-734D-48F0-B774-68C5DE0030F5}.RS|Win32.ActiveCfg = RS|Win32
		{ACB7B334-734D-48F0-B774-68C5DE0030F5}.RS|Win32.Build.0 = RS|Win32
		{ACB7B334-734D-48F0-B774-68C5DE0030F5}.RS|x64.ActiveCfg = RS|x64
		{ACB7B334-734D-48F0-B774-68C5DE0030F5}.RS|x64.Build.0 = RS|x64
		{C1F491CF-2B42-4E72-A030-19A2B5D5148F}.DD|Win32.ActiveCfg = DD|Win32
		{C1F491CF-2B42-4E72-A030-19A2B5D5148F}.DD|Win32.Build.0 = DD|Win32
		{C1F491CF-2B42-4E72-A030-19A2B5D5148F}.DD|x64.ActiveCfg = DD|x64
		{C1F491CF-2B42-4E72-A030-19A2B5D5148F}.DD|x64.Build.0 = DD|x64
		{C1F491CF-2B42-4E72-A030-19A2B5D5148F}.DS|Win32.ActiveCfg = DS|Win32
		{C1F491CF-2B42-4E72-A030-19A2B5D5148F}.DS|Win32.Build.0 = DS|Win32
		{C1F491CF-2B42-4E72-A030-19A2B5D5148F}.DS|x64.ActiveCfg = DS|x64
		{C1F491CF-2B42-4E72-A030-19A2B5D5148F}.DS|x64.Build.0 = DS|x64
		{C1F491CF-2B42-4E72-A030-19A2B5D5148F}.RD|Win32.ActiveCfg = RD|Win32
		{C1F491CF-2B42-4E72-A030-19A2B5D5148F}.RD|Win32.Build.0 = RD|Win32
		{C1F491CF-2B42-4E72-A030-19A2B5D5148F}.RD|x64.ActiveCfg = RD|x64
		{C1F491CF-2B42-4E72-A030-19A2B5D5148F}.RD|x64.Build.0 = RD|x64
		{C1F491CF-2B42-4E72-A030-19A2B5D5148F}.RS|Win32.ActiveCfg = RS|Win32
		{C1F491CF-2B42-4E72-A030-19A2B5D5148F}.RS|Win32.Build.0 = RS|Win32
		{C1F491CF-2B42-4E72-A030-19A2B5D5148F}.RS|x64.ActiveCfg = RS|x64
		{C1F491CF-2B42-4E72-A030-19A2B5D5148F}.RS|x64.Build.0 = RS|x64
		{3F1D8D06-FEA7-4793-BCF5-493B5BBF97ED}.DD|Win32.ActiveCfg = DS|x64
		{3F1D8D06-FEA7-4793-BCF5-493B5BBF97ED}.DD|x64.ActiveCfg = DS|x64
		{3F1D8D06-FEA7-4793-BCF5-493B5BBF97ED}.DS|Win32.ActiveCfg = DS|Win32
		{3F1D8D06-FEA7-4793-BCF5-493B5BBF97ED}.DS|Win32.Build.0 = DS|Win32
		{3F1D8D06-FEA7-4793-BCF5-493B5BBF97ED}.DS|x64.ActiveCfg = DS|x64
		{3F1D8D06-FEA7-4793-BCF5-493B5BBF97ED}.RD|Win32.ActiveCfg = RS|Win32
		{3F1D8D06-FEA7-4793-BCF5-493B5BBF97ED}.RD|x64.ActiveCfg = RS|x64
		{3F1D8D06-FEA7-4793-BCF5-493B5BBF97ED}.RS|Win32.ActiveCfg = RS|Win32
		{3F1D8D06-FEA7-4793-BCF5-493B5BBF97ED}.RS|Win32.Build.0 = RS|Win32
		{3F1D8D06-FEA7-4793-BCF5-493B5BBF97ED}.RS|x64.ActiveCfg = RS|x64
		{E5C70BDC-F99D-41C0-9C18-012AFCE64B9E}.DD|Win32.ActiveCfg = DD|Win32
		{E5C70BDC-F99D-41C0-9C18-012AFCE64B9E}.DD|Win32.Build.0 = DD|Win32
		{E5C70BDC-F99D-41C0-9C18-012AFCE64B9E}.DD|x64.ActiveCfg = DD|x64
		{E5C70BDC-F99D-41C0-9C18-012AFCE64B9E}.DD|x64.Build.0 = DD|x64
		{E5C70BDC-F99D-41C0-9C18-012AFCE64B9E}.DS|Win32.ActiveCfg = DS|Win32
		{E5C70BDC-F99D-41C0-9C18-012AFCE64B9E}.DS|Win32.Build.0 = DS|Win32
		{E5C70BDC-F99D-41C0-9C18-012AFCE64B9E}.DS|x64.ActiveCfg = DS|x64
		{E5C70BDC-F99D-41C0-9C18-012AFCE64B9E}.DS|x64.Build.0 = DS|x64
		{E5C70BDC-F99D-41C0-9C18-012AFCE64B9E}.RD|Win32.ActiveCfg = RD|Win32
		{E5C70BDC-F99D-41C0-9C18-012AFCE64B9E}.RD|Win32.Build.0 = RD|Win32
		{E5C70BDC-F99D-41C0-9C18-012AFCE64B9E}.RD|x64.ActiveCfg = RD|x64
		{E5C70BDC-F99D-41C0-9C18-012AFCE64B9E}.RD|x64.Build.0 = RD|x64
		{E5C70BDC-F99D-41C0-9C18-012AFCE64B9E}.RS|Win32.ActiveCfg = RS|Win32
		{E5C70BDC-F99D-41C0-9C18-012AFCE64B9E}.RS|Win32.Build.0 = RS|Win32
		{E5C70BDC-F99D-41C0-9C18-012AFCE64B9E}.RS|x64.ActiveCfg = RS|x64
		{E5C70BDC-F99D-41C0-9C18-012AFCE64B9E}.RS|x64.Build.0 = RS|x64
		{90179F86-A15B-4070-B4AF-95AEFD58E573}.DD|Win32.ActiveCfg = DS|Win32
		{90179F86-A15B-4070-B4AF-95AEFD58E573}.DD|Win32.Build.0 = DS|Win32
		{90179F86-A15B-4070-B4AF-95AEFD58E573}.DD|x64.ActiveCfg = DS|Win32
		{90179F86-A15B-4070-B4AF-95AEFD58E573}.DS|Win32.ActiveCfg = DS|Win32
		{90179F86-A15B-4070-B4AF-95AEFD58E573}.DS|x64.ActiveCfg = DS|Win32
		{90179F86-A15B-4070-B4AF-95AEFD58E573}.RD|Win32.ActiveCfg = RS|Win32
		{90179F86-A15B-4070-B4AF-95AEFD58E573}.RD|x64.ActiveCfg = RS|Win32
		{90179F86-A15B-4070-B4AF-95AEFD58E573}.RS|Win32.ActiveCfg = RS|Win32
		{90179F86-A15B-4070-B4AF-95AEFD58E573}.RS|x64.ActiveCfg = RS|Win32
		{060BF300-EEC4-4177-80F2-C9698546080C}.DD|Win32.ActiveCfg = DS|Win32
		{060BF300-EEC4-4177-80F2-C9698546080C}.DD|x64.ActiveCfg = DS|Win32
		{060BF300-EEC4-4177-80F2-C9698546080C}.DS|Win32.ActiveCfg = DS|Win32
		{060BF300-EEC4-4177-80F2-C9698546080C}.DS|Win32.Build.0 = DS|Win32
		{060BF300-EEC4-4177-80F2-C9698546080C}.DS|x64.ActiveCfg = DS|Win32
		{060BF300-EEC4-4177-80F2-C9698546080C}.RD|Win32.ActiveCfg = RS|Win32
		{060BF300-EEC4-4177-80F2-C9698546080C}.RD|x64.ActiveCfg = RS|Win32
		{060BF300-EEC4-4177-80F2-C9698546080C}.RS|Win32.ActiveCfg = RS|Win32
		{060BF300-EEC4-4177-80F2-C9698546080C}.RS|Win32.Build.0 = RS|Win32
		{060BF300-EEC4-4177-80F2-C9698546080C}.RS|x64.ActiveCfg = RS|Win32
		{F32EA19E-865A-4062-9261-0E9B5C1325C5}.DD|Win32.ActiveCfg = DS|Win32
		{F32EA19E-865A-4062-9261-0E9B5C1325C5}.DD|x64.ActiveCfg = DS|Win32
		{F32EA19E-865A-4062-9261-0E9B5C1325C5}.DS|Win32.ActiveCfg = DS|Win32
		{F32EA19E-865A-4062-9261-0E9B5C1325C5}.DS|Win32.Build.0 = DS|Win32
		{F32EA19E-865A-4062-9261-0E9B5C1325C5}.DS|x64.ActiveCfg = DS|Win32
		{F32EA19E-865A-4062-9261-0E9B5C1325C5}.RD|Win32.ActiveCfg = RS|Win32
		{F32EA19E-865A-4062-9261-0E9B5C1325C5}.RD|x64.ActiveCfg = RS|Win32
		{F32EA19E-865A-4062-9261-0E9B5C1325C5}.RS|Win32.ActiveCfg = RS|Win32
		{F32EA19E-865A-4062-9261-0E9B5C1325C5}.RS|Win32.Build.0 = RS|Win32
		{F32EA19E-865A-4062-9261-0E9B5C1325C5}.RS|x64.ActiveCfg = RS|Win32
	EndGlobalSection
	GlobalSection(SolutionProperties) = preSolution
		HideSolutionNode = FALSE
	EndGlobalSection
EndGlobal
