<?xml version="1.0" encoding="UTF-8" standalone="yes" ?>
<CodeBlocks_project_file>
	<FileVersion major="1" minor="6" />
	<Project>
		<Option title="SimpleResourceCompiler" />
		<Option pch_mode="2" />
		<Option compiler="gcc" />
		<Build>
			<Target title="Debug">
				<Option output="../bin/srcD" prefix_auto="1" extension_auto="1" />
				<Option object_output="../../Build/Linux/Debug/SimpleResourceCompiler/" />
				<Option type="1" />
				<Option compiler="gcc" />
				<Option parameters="/home/bradr/blah.src" />
				<Compiler>
					<Add option="-g" />
				</Compiler>
				<Linker>
					<Add directory="../lib/Linux/Debug" />
				</Linker>
			</Target>
			<Target title="Release">
				<Option output="../bin/src" prefix_auto="1" extension_auto="1" />
				<Option object_output="../../Build/Linux/Release/SimpleResourceCompiler/" />
				<Option type="1" />
				<Option compiler="gcc" />
				<Compiler>
					<Add option="-O2" />
				</Compiler>
				<Linker>
					<Add option="-s" />
					<Add directory="../lib/Linux/Release" />
				</Linker>
			</Target>
		</Build>
		<Compiler>
			<Add option="-Wall" />
			<Add option="-fexceptions" />
			<Add directory="../" />
		</Compiler>
		<Linker>
			<Add library="SimpleLibUtils" />
		</Linker>
		<Unit filename="SimpleResourceCompiler.cpp" />
		<Unit filename="stdafx.cpp" />
		<Unit filename="stdafx.h">
			<Option compile="1" />
			<Option weight="0" />
		</Unit>
		<Extensions>
			<code_completion />
			<envvars />
			<lib_finder disable_auto="1" />
			<debugger />
		</Extensions>
	</Project>
</CodeBlocks_project_file>
